PODS:
  - RTRootNavigationController (0.8.1):
    - RTRootNavigationController/Core (= 0.8.1)
  - RTRootNavigationController/Core (0.8.1)
  - ZLBaseUI (1.2.7):
    - RTRootNavigationController (~> 0.8.1)

DEPENDENCIES:
  - ZLBaseUI (from `../`)

SPEC REPOS:
  https://github.com/CocoaPods/Specs.git:
    - RTRootNavigationController

EXTERNAL SOURCES:
  ZLBaseUI:
    :path: "../"

SPEC CHECKSUMS:
  RTRootNavigationController: ca443783baf6ff65a70c4d21ce0eedbbc1fec1fe
  ZLBaseUI: fb71faf50d6f0b51aef668d741ae85b9f433f70e

PODFILE CHECKSUM: 40bcbf8c63fe51eff30f85701900fbf9816e2483

COCOAPODS: 1.16.2
